
Microsoft Visual Studio Solution File, Format Version 12.00
# Visual Studio Version 17
VisualStudioVersion = 17.4.33110.190
MinimumVisualStudioVersion = 10.0.40219.1
Project("{FAE04EC0-301F-11D3-BF4B-00C04F79EFBC}") = "ArrayUsingGenericClass", "ArrayUsingGenericClass.csproj", "{953F9AC7-E920-4148-9370-60CC915F4A29}"
EndProject
Global
	GlobalSection(SolutionConfigurationPlatforms) = preSolution
		Debug|Any CPU = Debug|Any CPU
		Release|Any CPU = Release|Any CPU
	EndGlobalSection
	GlobalSection(ProjectConfigurationPlatforms) = postSolution
		{953F9AC7-E920-4148-9370-60CC915F4A29}.Debug|Any CPU.ActiveCfg = Debug|Any CPU
		{953F9AC7-E920-4148-9370-60CC915F4A29}.Debug|Any CPU.Build.0 = Debug|Any CPU
		{953F9AC7-E920-4148-9370-60CC915F4A29}.Release|Any CPU.ActiveCfg = Release|Any CPU
		{953F9AC7-E920-4148-9370-60CC915F4A29}.Release|Any CPU.Build.0 = Release|Any CPU
	EndGlobalSection
	GlobalSection(SolutionProperties) = preSolution
		HideSolutionNode = FALSE
	EndGlobalSection
	GlobalSection(ExtensibilityGlobals) = postSolution
		SolutionGuid = {29AF4A16-1427-4042-B4BC-58A7645F5265}
	EndGlobalSection
EndGlobal
